Microsoft Visual Studio Solution File, Format Version 11.00
# Visual Studio 2008

Project("{8A80E31C-A2A5-7114-E185-709A0D54742D}") = "AstralDefence", "Assembly-CSharp-firstpass.csproj", "{63B9331D-A028-0F78-EEEE-1273AFDEA66B}"
EndProject
Project("{8A80E31C-A2A5-7114-E185-709A0D54742D}") = "AstralDefence", "Assembly-CSharp.csproj", "{033D43C2-5A78-5F5D-A537-D59B286CB8FB}"
EndProject
Project("{8A80E31C-A2A5-7114-E185-709A0D54742D}") = "AstralDefence", "Assembly-CSharp-Editor.csproj", "{B578D7DD-3A6F-B8CC-0F31-197B8C89F32F}"
EndProject
Global
	GlobalSection(SolutionConfigurationPlatforms) = preSolution
		Debug|Any CPU = Debug|Any CPU
		Release|Any CPU = Release|Any CPU
	EndGlobalSection
	GlobalSection(ProjectConfigurationPlatforms) = postSolution
		{63B9331D-A028-0F78-EEEE-1273AFDEA66B}.Debug|Any CPU.ActiveCfg = Debug|Any CPU
		{63B9331D-A028-0F78-EEEE-1273AFDEA66B}.Debug|Any CPU.Build.0 = Debug|Any CPU
		{63B9331D-A028-0F78-EEEE-1273AFDEA66B}.Release|Any CPU.ActiveCfg = Release|Any CPU
		{63B9331D-A028-0F78-EEEE-1273AFDEA66B}.Release|Any CPU.Build.0 = Release|Any CPU
		{033D43C2-5A78-5F5D-A537-D59B286CB8FB}.Debug|Any CPU.ActiveCfg = Debug|Any CPU
		{033D43C2-5A78-5F5D-A537-D59B286CB8FB}.Debug|Any CPU.Build.0 = Debug|Any CPU
		{033D43C2-5A78-5F5D-A537-D59B286CB8FB}.Release|Any CPU.ActiveCfg = Release|Any CPU
		{033D43C2-5A78-5F5D-A537-D59B286CB8FB}.Release|Any CPU.Build.0 = Release|Any CPU
		{B578D7DD-3A6F-B8CC-0F31-197B8C89F32F}.Debug|Any CPU.ActiveCfg = Debug|Any CPU
		{B578D7DD-3A6F-B8CC-0F31-197B8C89F32F}.Debug|Any CPU.Build.0 = Debug|Any CPU
		{B578D7DD-3A6F-B8CC-0F31-197B8C89F32F}.Release|Any CPU.ActiveCfg = Release|Any CPU
		{B578D7DD-3A6F-B8CC-0F31-197B8C89F32F}.Release|Any CPU.Build.0 = Release|Any CPU
	EndGlobalSection
	GlobalSection(SolutionProperties) = preSolution
		HideSolutionNode = FALSE
	EndGlobalSection
	GlobalSection(MonoDevelopProperties) = preSolution
		StartupItem = Assembly-CSharp.csproj
	EndGlobalSection
EndGlobal
